
Microsoft Visual Studio Solution File, Format Version 12.00
Project("{FAE04EC0-301F-11D3-BF4B-00C04F79EFBC}") = "PhoenixWrapped", "src\PhoenixWrapped\PhoenixWrapped.csproj", "{91F63AAD-5907-468C-8576-E06497B98FA5}"
EndProject
Project("{2150E333-8FDC-42A3-9474-1A3956D46DE8}") = "src", "src", "{529680B4-FD7F-4EE3-A532-34A1A7D0D94D}"
EndProject
Project("{2150E333-8FDC-42A3-9474-1A3956D46DE8}") = "tests", "tests", "{C2AA5AEB-00ED-4209-BA9F-FA5AE96C200A}"
EndProject
Project("{FAE04EC0-301F-11D3-BF4B-00C04F79EFBC}") = "PhoenixWrapped.Tests", "tests\PhoenixWrapped.Tests\PhoenixWrapped.Tests.csproj", "{B5A46D67-E59F-41E3-9689-8CF6F6120EE0}"
EndProject
Global
	GlobalSection(SolutionConfigurationPlatforms) = preSolution
		Debug|Any CPU = Debug|Any CPU
		Release|Any CPU = Release|Any CPU
	EndGlobalSection
	GlobalSection(ProjectConfigurationPlatforms) = postSolution
		{91F63AAD-5907-468C-8576-E06497B98FA5}.Debug|Any CPU.ActiveCfg = Debug|Any CPU
		{91F63AAD-5907-468C-8576-E06497B98FA5}.Debug|Any CPU.Build.0 = Debug|Any CPU
		{91F63AAD-5907-468C-8576-E06497B98FA5}.Release|Any CPU.ActiveCfg = Release|Any CPU
		{91F63AAD-5907-468C-8576-E06497B98FA5}.Release|Any CPU.Build.0 = Release|Any CPU
		{B5A46D67-E59F-41E3-9689-8CF6F6120EE0}.Debug|Any CPU.ActiveCfg = Debug|Any CPU
		{B5A46D67-E59F-41E3-9689-8CF6F6120EE0}.Debug|Any CPU.Build.0 = Debug|Any CPU
		{B5A46D67-E59F-41E3-9689-8CF6F6120EE0}.Release|Any CPU.ActiveCfg = Release|Any CPU
		{B5A46D67-E59F-41E3-9689-8CF6F6120EE0}.Release|Any CPU.Build.0 = Release|Any CPU
	EndGlobalSection
	GlobalSection(NestedProjects) = preSolution
		{91F63AAD-5907-468C-8576-E06497B98FA5} = {529680B4-FD7F-4EE3-A532-34A1A7D0D94D}
		{B5A46D67-E59F-41E3-9689-8CF6F6120EE0} = {C2AA5AEB-00ED-4209-BA9F-FA5AE96C200A}
	EndGlobalSection
EndGlobal
